PODS:
  - Alamofire (4.9.1)
  - Charts (3.5.0):
    - Charts/Core (= 3.5.0)
  - Charts/Core (3.5.0)
  - CheckVersion_Swift (1.0.0)
  - QRCodeReader.swift (10.1.0)
  - SwiftyFORM (1.8.4)
  - WechatOpenSDK (1.8.7.1)

DEPENDENCIES:
  - Alamofire
  - Charts
  - CheckVersion_Swift
  - QRCodeReader.swift
  - SwiftyFORM (~> 1.8)
  - WechatOpenSDK

SPEC REPOS:
  trunk:
    - Alamofire
    - Charts
    - CheckVersion_Swift
    - QRCodeReader.swift
    - SwiftyFORM
    - WechatOpenSDK

SPEC CHECKSUMS:
  Alamofire: 85e8a02c69d6020a0d734f6054870d7ecb75cf18
  Charts: 40a08591df1f8ad5c223ddedfb1a06da92f24f7c
  CheckVersion_Swift: 50f697d36dbbcf875545636bb866fee4d818fa29
  QRCodeReader.swift: 373a389fe9a22d513c879a32a6f647c58f4ef572
  SwiftyFORM: ce2dc9afb5b4488715112108a114c6d26e0b2836
  WechatOpenSDK: 6a4d1436c15b3b5fe2a0bd383f3046010186da44

PODFILE CHECKSUM: 43065ef9e252fc565a419485fdf5ea24354e797a

COCOAPODS: 1.9.1
